{
  "name": "unicode-emoji-dart",
  "version": "1.0.3",
  "lockfileVersion": 2,
  "requires": true,
  "packages": {
    "": {
      "name": "unicode-emoji-dart",
      "version": "1.0.3",
      "license": "MIT",
      "dependencies": {
        "emoji-regex": "^10.4.0",
        "emoji.json": "^15.1.0",
        "emojilib": "^4.0.0"
      },
      "devDependencies": {
        "@types/node": "^22.13.10",
        "typescript": "^5.1.3"
      }
    },
    "node_modules/@types/node": {
      "version": "22.13.10",
      "resolved": "https://registry.npmjs.org/@types/node/-/node-22.13.10.tgz",
      "integrity": "sha512-I6LPUvlRH+O6VRUqYOcMudhaIdUVWfsjnZavnsraHvpBwaEyMN29ry+0UVJhImYL16xsscu0aske3yA+uPOWfw==",
      "dev": true,
      "license": "MIT",
      "dependencies": {
        "undici-types": "~6.20.0"
      }
    },
    "node_modules/emoji-regex": {
      "version": "10.4.0",
      "resolved": "https://registry.npmjs.org/emoji-regex/-/emoji-regex-10.4.0.tgz",
      "integrity": "sha512-EC+0oUMY1Rqm4O6LLrgjtYDvcVYTy7chDnM4Q7030tP4Kwj3u/pR6gP9ygnp2CJMK5Gq+9Q2oqmrFJAz01DXjw=="
    },
    "node_modules/emoji.json": {
      "version": "15.1.0",
      "resolved": "https://registry.npmjs.org/emoji.json/-/emoji.json-15.1.0.tgz",
      "integrity": "sha512-GqE6SCE8rSc5Gyd+oh6s/pkoNSW/pULdgJTB6jd/sM87FWA/a1nmvFMdWBjvSA5vdomzDvZgy584KNgzdYJwDA==",
      "license": "MIT"
    },
    "node_modules/emojilib": {
      "version": "4.0.0",
      "resolved": "https://registry.npmjs.org/emojilib/-/emojilib-4.0.0.tgz",
      "integrity": "sha512-nHdbvbIuWi/KrZESwJw5meOSK6S3uokcvBooIpNp9leDtVJWW091drLm8pwF2B7JrMq0UPgGJ7Haw+myeRaU8g=="
    },
    "node_modules/typescript": {
      "version": "5.1.3",
      "resolved": "https://registry.npmjs.org/typescript/-/typescript-5.1.3.tgz",
      "integrity": "sha512-XH627E9vkeqhlZFQuL+UsyAXEnibT0kWR2FWONlr4sTjvxyJYnyefgrkyECLzM5NenmKzRAy2rR/OlYLA1HkZw==",
      "dev": true,
      "bin": {
        "tsc": "bin/tsc",
        "tsserver": "bin/tsserver"
      },
      "engines": {
        "node": ">=14.17"
      }
    },
    "node_modules/undici-types": {
      "version": "6.20.0",
      "resolved": "https://registry.npmjs.org/undici-types/-/undici-types-6.20.0.tgz",
      "integrity": "sha512-Ny6QZ2Nju20vw1SRHe3d9jVu6gJ+4e3+MMpqu7pqE5HT6WsTSlce++GQmK5UXS8mzV8DSYHrQH+Xrf2jVcuKNg==",
      "dev": true,
      "license": "MIT"
    }
  },
  "dependencies": {
    "@types/node": {
      "version": "22.13.10",
      "resolved": "https://registry.npmjs.org/@types/node/-/node-22.13.10.tgz",
      "integrity": "sha512-I6LPUvlRH+O6VRUqYOcMudhaIdUVWfsjnZavnsraHvpBwaEyMN29ry+0UVJhImYL16xsscu0aske3yA+uPOWfw==",
      "dev": true,
      "requires": {
        "undici-types": "~6.20.0"
      }
    },
    "emoji-regex": {
      "version": "10.4.0",
      "resolved": "https://registry.npmjs.org/emoji-regex/-/emoji-regex-10.4.0.tgz",
      "integrity": "sha512-EC+0oUMY1Rqm4O6LLrgjtYDvcVYTy7chDnM4Q7030tP4Kwj3u/pR6gP9ygnp2CJMK5Gq+9Q2oqmrFJAz01DXjw=="
    },
    "emoji.json": {
      "version": "15.1.0",
      "resolved": "https://registry.npmjs.org/emoji.json/-/emoji.json-15.1.0.tgz",
      "integrity": "sha512-GqE6SCE8rSc5Gyd+oh6s/pkoNSW/pULdgJTB6jd/sM87FWA/a1nmvFMdWBjvSA5vdomzDvZgy584KNgzdYJwDA=="
    },
    "emojilib": {
      "version": "4.0.0",
      "resolved": "https://registry.npmjs.org/emojilib/-/emojilib-4.0.0.tgz",
      "integrity": "sha512-nHdbvbIuWi/KrZESwJw5meOSK6S3uokcvBooIpNp9leDtVJWW091drLm8pwF2B7JrMq0UPgGJ7Haw+myeRaU8g=="
    },
    "typescript": {
      "version": "5.1.3",
      "resolved": "https://registry.npmjs.org/typescript/-/typescript-5.1.3.tgz",
      "integrity": "sha512-XH627E9vkeqhlZFQuL+UsyAXEnibT0kWR2FWONlr4sTjvxyJYnyefgrkyECLzM5NenmKzRAy2rR/OlYLA1HkZw==",
      "dev": true
    },
    "undici-types": {
      "version": "6.20.0",
      "resolved": "https://registry.npmjs.org/undici-types/-/undici-types-6.20.0.tgz",
      "integrity": "sha512-Ny6QZ2Nju20vw1SRHe3d9jVu6gJ+4e3+MMpqu7pqE5HT6WsTSlce++GQmK5UXS8mzV8DSYHrQH+Xrf2jVcuKNg==",
      "dev": true
    }
  }
}
